
Microsoft Visual Studio Solution File, Format Version 12.00
# Visual Studio Version 17
VisualStudioVersion = 17.4.33213.308
MinimumVisualStudioVersion = 10.0.40219.1
Project("{FAE04EC0-301F-11D3-BF4B-00C04F79EFBC}") = "AppExercicioHospedaria", "AppExercicioHospedaria.csproj", "{CEFCAA8D-3040-43D4-94C0-B029983104CC}"
EndProject
Global
	GlobalSection(SolutionConfigurationPlatforms) = preSolution
		Debug|Any CPU = Debug|Any CPU
		Release|Any CPU = Release|Any CPU
	EndGlobalSection
	GlobalSection(ProjectConfigurationPlatforms) = postSolution
		{CEFCAA8D-3040-43D4-94C0-B029983104CC}.Debug|Any CPU.ActiveCfg = Debug|Any CPU
		{CEFCAA8D-3040-43D4-94C0-B029983104CC}.Debug|Any CPU.Build.0 = Debug|Any CPU
		{CEFCAA8D-3040-43D4-94C0-B029983104CC}.Release|Any CPU.ActiveCfg = Release|Any CPU
		{CEFCAA8D-3040-43D4-94C0-B029983104CC}.Release|Any CPU.Build.0 = Release|Any CPU
	EndGlobalSection
	GlobalSection(SolutionProperties) = preSolution
		HideSolutionNode = FALSE
	EndGlobalSection
	GlobalSection(ExtensibilityGlobals) = postSolution
		SolutionGuid = {EEFB546F-8CBA-41D5-A529-D143BC76A9BF}
	EndGlobalSection
EndGlobal
